
Microsoft Visual Studio Solution File, Format Version 12.00
Project("{FAE04EC0-301F-11D3-BF4B-00C04F79EFBC}") = "VideoMenuConsoleApp", "VideoMenuConsoleApp\VideoMenuConsoleApp.csproj", "{775A5112-E80C-482A-9B49-32E5CF455384}"
EndProject
Global
	GlobalSection(SolutionConfigurationPlatforms) = preSolution
		Debug|Any CPU = Debug|Any CPU
		Release|Any CPU = Release|Any CPU
	EndGlobalSection
	GlobalSection(ProjectConfigurationPlatforms) = postSolution
		{775A5112-E80C-482A-9B49-32E5CF455384}.Debug|Any CPU.ActiveCfg = Debug|Any CPU
		{775A5112-E80C-482A-9B49-32E5CF455384}.Debug|Any CPU.Build.0 = Debug|Any CPU
		{775A5112-E80C-482A-9B49-32E5CF455384}.Release|Any CPU.ActiveCfg = Release|Any CPU
		{775A5112-E80C-482A-9B49-32E5CF455384}.Release|Any CPU.Build.0 = Release|Any CPU
	EndGlobalSection
EndGlobal
